
Microsoft Visual Studio Solution File, Format Version 12.00
# Visual Studio Version 16
VisualStudioVersion = 16.0.30225.117
MinimumVisualStudioVersion = 10.0.40219.1
Project("{FAE04EC0-301F-11D3-BF4B-00C04F79EFBC}") = "WebApplication3", "WebApplication3\WebApplication3.csproj", "{5E165C9D-C98D-4DCC-9887-B244120E219D}"
EndProject
Global
	GlobalSection(SolutionConfigurationPlatforms) = preSolution
		Debug|Any CPU = Debug|Any CPU
		Release|Any CPU = Release|Any CPU
	EndGlobalSection
	GlobalSection(ProjectConfigurationPlatforms) = postSolution
		{5E165C9D-C98D-4DCC-9887-B244120E219D}.Debug|Any CPU.ActiveCfg = Debug|Any CPU
		{5E165C9D-C98D-4DCC-9887-B244120E219D}.Debug|Any CPU.Build.0 = Debug|Any CPU
		{5E165C9D-C98D-4DCC-9887-B244120E219D}.Release|Any CPU.ActiveCfg = Release|Any CPU
		{5E165C9D-C98D-4DCC-9887-B244120E219D}.Release|Any CPU.Build.0 = Release|Any CPU
	EndGlobalSection
	GlobalSection(SolutionProperties) = preSolution
		HideSolutionNode = FALSE
	EndGlobalSection
	GlobalSection(ExtensibilityGlobals) = postSolution
		SolutionGuid = {89F46385-BC79-4EDE-90C0-160117BE66BC}
	EndGlobalSection
EndGlobal
